{
  "originHash" : "9bf945ef09ac0e00bb771cadb089517059d83e3b5d1964bc40d03a7dc7c02b61",
  "pins" : [
    {
      "identity" : "swift-sdk",
      "kind" : "remoteSourceControl",
      "location" : "https://github.com/openfort-xyz/swift-sdk.git",
      "state" : {
        "revision" : "d48cf77e6b919a894a82b5f0f84d2516812459a1",
        "version" : "3.0.0"
      }
    }
  ],
  "version" : 3
}
